<?xml version="1.0" encoding="utf-8"?>
<Project ToolsVersion="4.0" xmlns="http://schemas.microsoft.com/developer/msbuild/2003">
  <ItemGroup>
    <Filter Include="소스 파일">
      <UniqueIdentifier>{4FC737F1-C7A5-4376-A066-2A32D752A2FF}</UniqueIdentifier>
      <Extensions>cpp;c;cc;cxx;c++;cppm;ixx;def;odl;idl;hpj;bat;asm;asmx</Extensions>
    </Filter>
    <Filter Include="헤더 파일">
      <UniqueIdentifier>{93995380-89BD-4b04-88EB-625FBE52EBFB}</UniqueIdentifier>
      <Extensions>h;hh;hpp;hxx;h++;hm;inl;inc;ipp;xsd</Extensions>
    </Filter>
    <Filter Include="리소스 파일">
      <UniqueIdentifier>{67DA6AB6-F800-4c08-8B7A-83BB121AAD01}</UniqueIdentifier>
      <Extensions>rc;ico;cur;bmp;dlg;rc2;rct;bin;rgs;gif;jpg;jpeg;jpe;resx;tiff;tif;png;wav;mfcribbon-ms</Extensions>
    </Filter>
    <Filter Include="소스 파일\System">
      <UniqueIdentifier>{571b9e33-5346-4cb5-8639-d0b6cadc5d45}</UniqueIdentifier>
    </Filter>
    <Filter Include="소스 파일\System\Network">
      <UniqueIdentifier>{a5826abd-c023-4044-90c5-5dec9b9d73ff}</UniqueIdentifier>
    </Filter>
    <Filter Include="소스 파일\System\Service">
      <UniqueIdentifier>{f24aade5-3ed4-4f85-9a4c-136ed4299b84}</UniqueIdentifier>
    </Filter>
  </ItemGroup>
  <ItemGroup>
    <ClCompile Include="main.cpp">
      <Filter>소스 파일</Filter>
    </ClCompile>
    <ClCompile Include="Application.cpp">
      <Filter>소스 파일\System</Filter>
    </ClCompile>
    <ClCompile Include="IOThread.cpp">
      <Filter>소스 파일\System\Network</Filter>
    </ClCompile>
    <ClCompile Include="Server.cpp">
      <Filter>소스 파일\System\Network</Filter>
    </ClCompile>
    <ClCompile Include="Session.cpp">
      <Filter>소스 파일\System\Network</Filter>
    </ClCompile>
    <ClCompile Include="LogSystem.cpp">
      <Filter>소스 파일\System</Filter>
    </ClCompile>
    <ClCompile Include="SessionManager.cpp">
      <Filter>소스 파일\System\Network</Filter>
    </ClCompile>
    <ClCompile Include="BufferPool.cpp">
      <Filter>소스 파일\System</Filter>
    </ClCompile>
  </ItemGroup>
  <ItemGroup>
    <ClInclude Include="Application.h">
      <Filter>소스 파일\System</Filter>
    </ClInclude>
    <ClInclude Include="CommonHeader.h">
      <Filter>소스 파일\System</Filter>
    </ClInclude>
    <ClInclude Include="IOThread.h">
      <Filter>소스 파일\System\Network</Filter>
    </ClInclude>
    <ClInclude Include="Server.h">
      <Filter>소스 파일\System\Network</Filter>
    </ClInclude>
    <ClInclude Include="Session.h">
      <Filter>소스 파일\System\Network</Filter>
    </ClInclude>
    <ClInclude Include="Buffer.h">
      <Filter>소스 파일\System</Filter>
    </ClInclude>
    <ClInclude Include="LogSystem.h">
      <Filter>소스 파일\System</Filter>
    </ClInclude>
    <ClInclude Include="LogData.h">
      <Filter>소스 파일\System</Filter>
    </ClInclude>
    <ClInclude Include="Log.h">
      <Filter>소스 파일\System</Filter>
    </ClInclude>
    <ClInclude Include="SessionManager.h">
      <Filter>소스 파일\System\Network</Filter>
    </ClInclude>
    <ClInclude Include="BufferPool.h">
      <Filter>소스 파일\System</Filter>
    </ClInclude>
  </ItemGroup>
</Project>